
Microsoft Visual Studio Solution File, Format Version 12.00
# Visual Studio Version 17
VisualStudioVersion = 17.6.33829.357
MinimumVisualStudioVersion = 10.0.40219.1
Project("{FAE04EC0-301F-11D3-BF4B-00C04F79EFBC}") = "YemekTarifleriMVC", "YemekTarifleriMVC\YemekTarifleriMVC.csproj", "{6723AFBA-07F9-4536-AAE5-7A0B781753ED}"
EndProject
Global
	GlobalSection(SolutionConfigurationPlatforms) = preSolution
		Debug|Any CPU = Debug|Any CPU
		Release|Any CPU = Release|Any CPU
	EndGlobalSection
	GlobalSection(ProjectConfigurationPlatforms) = postSolution
		{6723AFBA-07F9-4536-AAE5-7A0B781753ED}.Debug|Any CPU.ActiveCfg = Debug|Any CPU
		{6723AFBA-07F9-4536-AAE5-7A0B781753ED}.Debug|Any CPU.Build.0 = Debug|Any CPU
		{6723AFBA-07F9-4536-AAE5-7A0B781753ED}.Release|Any CPU.ActiveCfg = Release|Any CPU
		{6723AFBA-07F9-4536-AAE5-7A0B781753ED}.Release|Any CPU.Build.0 = Release|Any CPU
	EndGlobalSection
	GlobalSection(SolutionProperties) = preSolution
		HideSolutionNode = FALSE
	EndGlobalSection
	GlobalSection(ExtensibilityGlobals) = postSolution
		SolutionGuid = {F6843A18-809A-4566-B666-D1692DCFCCFD}
	EndGlobalSection
EndGlobal
